// !$*UTF8*$!
{
	archiveVersion = 1;
	classes = {
	};
	objectVersion = 56;
	objects = {

/* Begin PBXBuildFile section */
		1834624D291691C90006BCB4 /* AppDelegate.swift in Sources */ = {isa = PBXBuildFile; fileRef = 1834624C291691C90006BCB4 /* AppDelegate.swift */; };
		1834624F291691C90006BCB4 /* SceneDelegate.swift in Sources */ = {isa = PBXBuildFile; fileRef = 1834624E291691C90006BCB4 /* SceneDelegate.swift */; };
		18346251291691C90006BCB4 /* PostsViewController.swift in Sources */ = {isa = PBXBuildFile; fileRef = 18346250291691C90006BCB4 /* PostsViewController.swift */; };
		18346257291691CA0006BCB4 /* Posts.xcdatamodeld in Sources */ = {isa = PBXBuildFile; fileRef = 18346255291691CA0006BCB4 /* Posts.xcdatamodeld */; };
		18346259291691CA0006BCB4 /* Assets.xcassets in Resources */ = {isa = PBXBuildFile; fileRef = 18346258291691CA0006BCB4 /* Assets.xcassets */; };
		1834625C291691CA0006BCB4 /* LaunchScreen.storyboard in Resources */ = {isa = PBXBuildFile; fileRef = 1834625A291691CA0006BCB4 /* LaunchScreen.storyboard */; };
		18346267291691CA0006BCB4 /* PostsTests.swift in Sources */ = {isa = PBXBuildFile; fileRef = 18346266291691CA0006BCB4 /* PostsTests.swift */; };
		18346271291691CA0006BCB4 /* PostsUITests.swift in Sources */ = {isa = PBXBuildFile; fileRef = 18346270291691CA0006BCB4 /* PostsUITests.swift */; };
		18346273291691CA0006BCB4 /* PostsUITestsLaunchTests.swift in Sources */ = {isa = PBXBuildFile; fileRef = 18346272291691CA0006BCB4 /* PostsUITestsLaunchTests.swift */; };
		1834628B2916A3D90006BCB4 /* PostsViewModel.swift in Sources */ = {isa = PBXBuildFile; fileRef = 1834628A2916A3D90006BCB4 /* PostsViewModel.swift */; };
		1834628D2916A3FA0006BCB4 /* BaseViewController.swift in Sources */ = {isa = PBXBuildFile; fileRef = 1834628C2916A3FA0006BCB4 /* BaseViewController.swift */; };
		1834628F2916A4040006BCB4 /* BaseViewModel.swift in Sources */ = {isa = PBXBuildFile; fileRef = 1834628E2916A4040006BCB4 /* BaseViewModel.swift */; };
		183462912916AC9E0006BCB4 /* Localizable.strings in Resources */ = {isa = PBXBuildFile; fileRef = 183462902916AC9E0006BCB4 /* Localizable.strings */; };
		183462942916B7110006BCB4 /* PostTableViewCell.swift in Sources */ = {isa = PBXBuildFile; fileRef = 183462932916B7110006BCB4 /* PostTableViewCell.swift */; };
		183462972916EA680006BCB4 /* UIControl+Ext.swift in Sources */ = {isa = PBXBuildFile; fileRef = 183462962916EA680006BCB4 /* UIControl+Ext.swift */; };
/* End PBXBuildFile section */

/* Begin PBXContainerItemProxy section */
		18346263291691CA0006BCB4 /* PBXContainerItemProxy */ = {
			isa = PBXContainerItemProxy;
			containerPortal = 18346241291691C90006BCB4 /* Project object */;
			proxyType = 1;
			remoteGlobalIDString = 18346248291691C90006BCB4;
			remoteInfo = Posts;
		};
		1834626D291691CA0006BCB4 /* PBXContainerItemProxy */ = {
			isa = PBXContainerItemProxy;
			containerPortal = 18346241291691C90006BCB4 /* Project object */;
			proxyType = 1;
			remoteGlobalIDString = 18346248291691C90006BCB4;
			remoteInfo = Posts;
		};
/* End PBXContainerItemProxy section */

/* Begin PBXFileReference section */
		18346249291691C90006BCB4 /* Posts.app */ = {isa = PBXFileReference; explicitFileType = wrapper.application; includeInIndex = 0; path = Posts.app; sourceTree = BUILT_PRODUCTS_DIR; };
		1834624C291691C90006BCB4 /* AppDelegate.swift */ = {isa = PBXFileReference; lastKnownFileType = sourcecode.swift; path = AppDelegate.swift; sourceTree = "<group>"; };
		1834624E291691C90006BCB4 /* SceneDelegate.swift */ = {isa = PBXFileReference; lastKnownFileType = sourcecode.swift; path = SceneDelegate.swift; sourceTree = "<group>"; };
		18346250291691C90006BCB4 /* PostsViewController.swift */ = {isa = PBXFileReference; lastKnownFileType = sourcecode.swift; path = PostsViewController.swift; sourceTree = "<group>"; };
		18346256291691CA0006BCB4 /* Posts.xcdatamodel */ = {isa = PBXFileReference; lastKnownFileType = wrapper.xcdatamodel; path = Posts.xcdatamodel; sourceTree = "<group>"; };
		18346258291691CA0006BCB4 /* Assets.xcassets */ = {isa = PBXFileReference; lastKnownFileType = folder.assetcatalog; path = Assets.xcassets; sourceTree = "<group>"; };
		1834625B291691CA0006BCB4 /* Base */ = {isa = PBXFileReference; lastKnownFileType = file.storyboard; name = Base; path = Base.lproj/LaunchScreen.storyboard; sourceTree = "<group>"; };
		1834625D291691CA0006BCB4 /* Info.plist */ = {isa = PBXFileReference; lastKnownFileType = text.plist.xml; path = Info.plist; sourceTree = "<group>"; };
		18346262291691CA0006BCB4 /* PostsTests.xctest */ = {isa = PBXFileReference; explicitFileType = wrapper.cfbundle; includeInIndex = 0; path = PostsTests.xctest; sourceTree = BUILT_PRODUCTS_DIR; };
		18346266291691CA0006BCB4 /* PostsTests.swift */ = {isa = PBXFileReference; lastKnownFileType = sourcecode.swift; path = PostsTests.swift; sourceTree = "<group>"; };
		1834626C291691CA0006BCB4 /* PostsUITests.xctest */ = {isa = PBXFileReference; explicitFileType = wrapper.cfbundle; includeInIndex = 0; path = PostsUITests.xctest; sourceTree = BUILT_PRODUCTS_DIR; };
		18346270291691CA0006BCB4 /* PostsUITests.swift */ = {isa = PBXFileReference; lastKnownFileType = sourcecode.swift; path = PostsUITests.swift; sourceTree = "<group>"; };
		18346272291691CA0006BCB4 /* PostsUITestsLaunchTests.swift */ = {isa = PBXFileReference; lastKnownFileType = sourcecode.swift; path = PostsUITestsLaunchTests.swift; sourceTree = "<group>"; };
		1834628A2916A3D90006BCB4 /* PostsViewModel.swift */ = {isa = PBXFileReference; lastKnownFileType = sourcecode.swift; path = PostsViewModel.swift; sourceTree = "<group>"; };
		1834628C2916A3FA0006BCB4 /* BaseViewController.swift */ = {isa = PBXFileReference; lastKnownFileType = sourcecode.swift; path = BaseViewController.swift; sourceTree = "<group>"; };
		1834628E2916A4040006BCB4 /* BaseViewModel.swift */ = {isa = PBXFileReference; lastKnownFileType = sourcecode.swift; path = BaseViewModel.swift; sourceTree = "<group>"; };
		183462902916AC9E0006BCB4 /* Localizable.strings */ = {isa = PBXFileReference; lastKnownFileType = text.plist.strings; path = Localizable.strings; sourceTree = "<group>"; };
		183462932916B7110006BCB4 /* PostTableViewCell.swift */ = {isa = PBXFileReference; lastKnownFileType = sourcecode.swift; path = PostTableViewCell.swift; sourceTree = "<group>"; };
		183462962916EA680006BCB4 /* UIControl+Ext.swift */ = {isa = PBXFileReference; lastKnownFileType = sourcecode.swift; path = "UIControl+Ext.swift"; sourceTree = "<group>"; };
/* End PBXFileReference section */

/* Begin PBXFrameworksBuildPhase section */
		18346246291691C90006BCB4 /* Frameworks */ = {
			isa = PBXFrameworksBuildPhase;
			buildActionMask = 2147483647;
			files = (
			);
			runOnlyForDeploymentPostprocessing = 0;
		};
		1834625F291691CA0006BCB4 /* Frameworks */ = {
			isa = PBXFrameworksBuildPhase;
			buildActionMask = 2147483647;
			files = (
			);
			runOnlyForDeploymentPostprocessing = 0;
		};
		18346269291691CA0006BCB4 /* Frameworks */ = {
			isa = PBXFrameworksBuildPhase;
			buildActionMask = 2147483647;
			files = (
			);
			runOnlyForDeploymentPostprocessing = 0;
		};
/* End PBXFrameworksBuildPhase section */

/* Begin PBXGroup section */
		18346240291691C90006BCB4 = {
			isa = PBXGroup;
			children = (
				1834624B291691C90006BCB4 /* Posts */,
				18346265291691CA0006BCB4 /* PostsTests */,
				1834626F291691CA0006BCB4 /* PostsUITests */,
				1834624A291691C90006BCB4 /* Products */,
			);
			sourceTree = "<group>";
		};
		1834624A291691C90006BCB4 /* Products */ = {
			isa = PBXGroup;
			children = (
				18346249291691C90006BCB4 /* Posts.app */,
				18346262291691CA0006BCB4 /* PostsTests.xctest */,
				1834626C291691CA0006BCB4 /* PostsUITests.xctest */,
			);
			name = Products;
			sourceTree = "<group>";
		};
		1834624B291691C90006BCB4 /* Posts */ = {
			isa = PBXGroup;
			children = (
				18346280291695870006BCB4 /* Application */,
				183462952916EA560006BCB4 /* Extensions */,
				1834627F2916955F0006BCB4 /* Resources */,
				183462922916AD930006BCB4 /* Data */,
				1834628129169AA50006BCB4 /* Presentation */,
			);
			path = Posts;
			sourceTree = "<group>";
		};
		18346265291691CA0006BCB4 /* PostsTests */ = {
			isa = PBXGroup;
			children = (
				18346266291691CA0006BCB4 /* PostsTests.swift */,
			);
			path = PostsTests;
			sourceTree = "<group>";
		};
		1834626F291691CA0006BCB4 /* PostsUITests */ = {
			isa = PBXGroup;
			children = (
				18346270291691CA0006BCB4 /* PostsUITests.swift */,
				18346272291691CA0006BCB4 /* PostsUITestsLaunchTests.swift */,
			);
			path = PostsUITests;
			sourceTree = "<group>";
		};
		1834627F2916955F0006BCB4 /* Resources */ = {
			isa = PBXGroup;
			children = (
				18346258291691CA0006BCB4 /* Assets.xcassets */,
				1834625A291691CA0006BCB4 /* LaunchScreen.storyboard */,
				1834625D291691CA0006BCB4 /* Info.plist */,
				183462902916AC9E0006BCB4 /* Localizable.strings */,
			);
			path = Resources;
			sourceTree = "<group>";
		};
		18346280291695870006BCB4 /* Application */ = {
			isa = PBXGroup;
			children = (
				1834624C291691C90006BCB4 /* AppDelegate.swift */,
				1834624E291691C90006BCB4 /* SceneDelegate.swift */,
			);
			path = Application;
			sourceTree = "<group>";
		};
		1834628129169AA50006BCB4 /* Presentation */ = {
			isa = PBXGroup;
			children = (
				1834628429169B380006BCB4 /* Base */,
				1834628729169D7A0006BCB4 /* PostsFlow */,
			);
			path = Presentation;
			sourceTree = "<group>";
		};
		1834628429169B380006BCB4 /* Base */ = {
			isa = PBXGroup;
			children = (
				1834628C2916A3FA0006BCB4 /* BaseViewController.swift */,
				1834628E2916A4040006BCB4 /* BaseViewModel.swift */,
			);
			path = Base;
			sourceTree = "<group>";
		};
		1834628729169D7A0006BCB4 /* PostsFlow */ = {
			isa = PBXGroup;
			children = (
				18346250291691C90006BCB4 /* PostsViewController.swift */,
				1834628A2916A3D90006BCB4 /* PostsViewModel.swift */,
				183462932916B7110006BCB4 /* PostTableViewCell.swift */,
			);
			path = PostsFlow;
			sourceTree = "<group>";
		};
		183462922916AD930006BCB4 /* Data */ = {
			isa = PBXGroup;
			children = (
				18346255291691CA0006BCB4 /* Posts.xcdatamodeld */,
			);
			path = Data;
			sourceTree = "<group>";
		};
		183462952916EA560006BCB4 /* Extensions */ = {
			isa = PBXGroup;
			children = (
				183462962916EA680006BCB4 /* UIControl+Ext.swift */,
			);
			path = Extensions;
			sourceTree = "<group>";
		};
/* End PBXGroup section */

/* Begin PBXNativeTarget section */
		18346248291691C90006BCB4 /* Posts */ = {
			isa = PBXNativeTarget;
			buildConfigurationList = 18346276291691CA0006BCB4 /* Build configuration list for PBXNativeTarget "Posts" */;
			buildPhases = (
				18346245291691C90006BCB4 /* Sources */,
				18346246291691C90006BCB4 /* Frameworks */,
				18346247291691C90006BCB4 /* Resources */,
			);
			buildRules = (
			);
			dependencies = (
			);
			name = Posts;
			productName = Posts;
			productReference = 18346249291691C90006BCB4 /* Posts.app */;
			productType = "com.apple.product-type.application";
		};
		18346261291691CA0006BCB4 /* PostsTests */ = {
			isa = PBXNativeTarget;
			buildConfigurationList = 18346279291691CA0006BCB4 /* Build configuration list for PBXNativeTarget "PostsTests" */;
			buildPhases = (
				1834625E291691CA0006BCB4 /* Sources */,
				1834625F291691CA0006BCB4 /* Frameworks */,
				18346260291691CA0006BCB4 /* Resources */,
			);
			buildRules = (
			);
			dependencies = (
				18346264291691CA0006BCB4 /* PBXTargetDependency */,
			);
			name = PostsTests;
			productName = PostsTests;
			productReference = 18346262291691CA0006BCB4 /* PostsTests.xctest */;
			productType = "com.apple.product-type.bundle.unit-test";
		};
		1834626B291691CA0006BCB4 /* PostsUITests */ = {
			isa = PBXNativeTarget;
			buildConfigurationList = 1834627C291691CA0006BCB4 /* Build configuration list for PBXNativeTarget "PostsUITests" */;
			buildPhases = (
				18346268291691CA0006BCB4 /* Sources */,
				18346269291691CA0006BCB4 /* Frameworks */,
				1834626A291691CA0006BCB4 /* Resources */,
			);
			buildRules = (
			);
			dependencies = (
				1834626E291691CA0006BCB4 /* PBXTargetDependency */,
			);
			name = PostsUITests;
			productName = PostsUITests;
			productReference = 1834626C291691CA0006BCB4 /* PostsUITests.xctest */;
			productType = "com.apple.product-type.bundle.ui-testing";
		};
/* End PBXNativeTarget section */

/* Begin PBXProject section */
		18346241291691C90006BCB4 /* Project object */ = {
			isa = PBXProject;
			attributes = {
				BuildIndependentTargetsInParallel = 1;
				LastSwiftUpdateCheck = 1400;
				LastUpgradeCheck = 1400;
				TargetAttributes = {
					18346248291691C90006BCB4 = {
						CreatedOnToolsVersion = 14.0;
					};
					18346261291691CA0006BCB4 = {
						CreatedOnToolsVersion = 14.0;
						TestTargetID = 18346248291691C90006BCB4;
					};
					1834626B291691CA0006BCB4 = {
						CreatedOnToolsVersion = 14.0;
						TestTargetID = 18346248291691C90006BCB4;
					};
				};
			};
			buildConfigurationList = 18346244291691C90006BCB4 /* Build configuration list for PBXProject "Posts" */;
			compatibilityVersion = "Xcode 14.0";
			developmentRegion = en;
			hasScannedForEncodings = 0;
			knownRegions = (
				en,
				Base,
			);
			mainGroup = 18346240291691C90006BCB4;
			productRefGroup = 1834624A291691C90006BCB4 /* Products */;
			projectDirPath = "";
			projectRoot = "";
			targets = (
				18346248291691C90006BCB4 /* Posts */,
				18346261291691CA0006BCB4 /* PostsTests */,
				1834626B291691CA0006BCB4 /* PostsUITests */,
			);
		};
/* End PBXProject section */

/* Begin PBXResourcesBuildPhase section */
		18346247291691C90006BCB4 /* Resources */ = {
			isa = PBXResourcesBuildPhase;
			buildActionMask = 2147483647;
			files = (
				1834625C291691CA0006BCB4 /* LaunchScreen.storyboard in Resources */,
				183462912916AC9E0006BCB4 /* Localizable.strings in Resources */,
				18346259291691CA0006BCB4 /* Assets.xcassets in Resources */,
			);
			runOnlyForDeploymentPostprocessing = 0;
		};
		18346260291691CA0006BCB4 /* Resources */ = {
			isa = PBXResourcesBuildPhase;
			buildActionMask = 2147483647;
			files = (
			);
			runOnlyForDeploymentPostprocessing = 0;
		};
		1834626A291691CA0006BCB4 /* Resources */ = {
			isa = PBXResourcesBuildPhase;
			buildActionMask = 2147483647;
			files = (
			);
			runOnlyForDeploymentPostprocessing = 0;
		};
/* End PBXResourcesBuildPhase section */

/* Begin PBXSourcesBuildPhase section */
		18346245291691C90006BCB4 /* Sources */ = {
			isa = PBXSourcesBuildPhase;
			buildActionMask = 2147483647;
			files = (
				183462942916B7110006BCB4 /* PostTableViewCell.swift in Sources */,
				1834628F2916A4040006BCB4 /* BaseViewModel.swift in Sources */,
				18346251291691C90006BCB4 /* PostsViewController.swift in Sources */,
				1834624D291691C90006BCB4 /* AppDelegate.swift in Sources */,
				183462972916EA680006BCB4 /* UIControl+Ext.swift in Sources */,
				1834628D2916A3FA0006BCB4 /* BaseViewController.swift in Sources */,
				1834624F291691C90006BCB4 /* SceneDelegate.swift in Sources */,
				18346257291691CA0006BCB4 /* Posts.xcdatamodeld in Sources */,
				1834628B2916A3D90006BCB4 /* PostsViewModel.swift in Sources */,
			);
			runOnlyForDeploymentPostprocessing = 0;
		};
		1834625E291691CA0006BCB4 /* Sources */ = {
			isa = PBXSourcesBuildPhase;
			buildActionMask = 2147483647;
			files = (
				18346267291691CA0006BCB4 /* PostsTests.swift in Sources */,
			);
			runOnlyForDeploymentPostprocessing = 0;
		};
		18346268291691CA0006BCB4 /* Sources */ = {
			isa = PBXSourcesBuildPhase;
			buildActionMask = 2147483647;
			files = (
				18346273291691CA0006BCB4 /* PostsUITestsLaunchTests.swift in Sources */,
				18346271291691CA0006BCB4 /* PostsUITests.swift in Sources */,
			);
			runOnlyForDeploymentPostprocessing = 0;
		};
/* End PBXSourcesBuildPhase section */

/* Begin PBXTargetDependency section */
		18346264291691CA0006BCB4 /* PBXTargetDependency */ = {
			isa = PBXTargetDependency;
			target = 18346248291691C90006BCB4 /* Posts */;
			targetProxy = 18346263291691CA0006BCB4 /* PBXContainerItemProxy */;
		};
		1834626E291691CA0006BCB4 /* PBXTargetDependency */ = {
			isa = PBXTargetDependency;
			target = 18346248291691C90006BCB4 /* Posts */;
			targetProxy = 1834626D291691CA0006BCB4 /* PBXContainerItemProxy */;
		};
/* End PBXTargetDependency section */

/* Begin PBXVariantGroup section */
		1834625A291691CA0006BCB4 /* LaunchScreen.storyboard */ = {
			isa = PBXVariantGroup;
			children = (
				1834625B291691CA0006BCB4 /* Base */,
			);
			name = LaunchScreen.storyboard;
			sourceTree = "<group>";
		};
/* End PBXVariantGroup section */

/* Begin XCBuildConfiguration section */
		18346274291691CA0006BCB4 /* Debug */ = {
			isa = XCBuildConfiguration;
			buildSettings = {
				ALWAYS_SEARCH_USER_PATHS = NO;
				CLANG_ANALYZER_NONNULL = YES;
				CLANG_ANALYZER_NUMBER_OBJECT_CONVERSION = YES_AGGRESSIVE;
				CLANG_CXX_LANGUAGE_STANDARD = "gnu++20";
				CLANG_ENABLE_MODULES = YES;
				CLANG_ENABLE_OBJC_ARC = YES;
				CLANG_ENABLE_OBJC_WEAK = YES;
				CLANG_WARN_BLOCK_CAPTURE_AUTORELEASING = YES;
				CLANG_WARN_BOOL_CONVERSION = YES;
				CLANG_WARN_COMMA = YES;
				CLANG_WARN_CONSTANT_CONVERSION = YES;
				CLANG_WARN_DEPRECATED_OBJC_IMPLEMENTATIONS = YES;
				CLANG_WARN_DIRECT_OBJC_ISA_USAGE = YES_ERROR;
				CLANG_WARN_DOCUMENTATION_COMMENTS = YES;
				CLANG_WARN_EMPTY_BODY = YES;
				CLANG_WARN_ENUM_CONVERSION = YES;
				CLANG_WARN_INFINITE_RECURSION = YES;
				CLANG_WARN_INT_CONVERSION = YES;
				CLANG_WARN_NON_LITERAL_NULL_CONVERSION = YES;
				CLANG_WARN_OBJC_IMPLICIT_RETAIN_SELF = YES;
				CLANG_WARN_OBJC_LITERAL_CONVERSION = YES;
				CLANG_WARN_OBJC_ROOT_CLASS = YES_ERROR;
				CLANG_WARN_QUOTED_INCLUDE_IN_FRAMEWORK_HEADER = YES;
				CLANG_WARN_RANGE_LOOP_ANALYSIS = YES;
				CLANG_WARN_STRICT_PROTOTYPES = YES;
				CLANG_WARN_SUSPICIOUS_MOVE = YES;
				CLANG_WARN_UNGUARDED_AVAILABILITY = YES_AGGRESSIVE;
				CLANG_WARN_UNREACHABLE_CODE = YES;
				CLANG_WARN__DUPLICATE_METHOD_MATCH = YES;
				COPY_PHASE_STRIP = NO;
				DEBUG_INFORMATION_FORMAT = dwarf;
				ENABLE_STRICT_OBJC_MSGSEND = YES;
				ENABLE_TESTABILITY = YES;
				GCC_C_LANGUAGE_STANDARD = gnu11;
				GCC_DYNAMIC_NO_PIC = NO;
				GCC_NO_COMMON_BLOCKS = YES;
				GCC_OPTIMIZATION_LEVEL = 0;
				GCC_PREPROCESSOR_DEFINITIONS = (
					"DEBUG=1",
					"$(inherited)",
				);
				GCC_WARN_64_TO_32_BIT_CONVERSION = YES;
				GCC_WARN_ABOUT_RETURN_TYPE = YES_ERROR;
				GCC_WARN_UNDECLARED_SELECTOR = YES;
				GCC_WARN_UNINITIALIZED_AUTOS = YES_AGGRESSIVE;
				GCC_WARN_UNUSED_FUNCTION = YES;
				GCC_WARN_UNUSED_VARIABLE = YES;
				IPHONEOS_DEPLOYMENT_TARGET = 16.0;
				MTL_ENABLE_DEBUG_INFO = INCLUDE_SOURCE;
				MTL_FAST_MATH = YES;
				ONLY_ACTIVE_ARCH = YES;
				SDKROOT = iphoneos;
				SWIFT_ACTIVE_COMPILATION_CONDITIONS = DEBUG;
				SWIFT_OPTIMIZATION_LEVEL = "-Onone";
			};
			name = Debug;
		};
		18346275291691CA0006BCB4 /* Release */ = {
			isa = XCBuildConfiguration;
			buildSettings = {
				ALWAYS_SEARCH_USER_PATHS = NO;
				CLANG_ANALYZER_NONNULL = YES;
				CLANG_ANALYZER_NUMBER_OBJECT_CONVERSION = YES_AGGRESSIVE;
				CLANG_CXX_LANGUAGE_STANDARD = "gnu++20";
				CLANG_ENABLE_MODULES = YES;
				CLANG_ENABLE_OBJC_ARC = YES;
				CLANG_ENABLE_OBJC_WEAK = YES;
				CLANG_WARN_BLOCK_CAPTURE_AUTORELEASING = YES;
				CLANG_WARN_BOOL_CONVERSION = YES;
				CLANG_WARN_COMMA = YES;
				CLANG_WARN_CONSTANT_CONVERSION = YES;
				CLANG_WARN_DEPRECATED_OBJC_IMPLEMENTATIONS = YES;
				CLANG_WARN_DIRECT_OBJC_ISA_USAGE = YES_ERROR;
				CLANG_WARN_DOCUMENTATION_COMMENTS = YES;
				CLANG_WARN_EMPTY_BODY = YES;
				CLANG_WARN_ENUM_CONVERSION = YES;
				CLANG_WARN_INFINITE_RECURSION = YES;
				CLANG_WARN_INT_CONVERSION = YES;
				CLANG_WARN_NON_LITERAL_NULL_CONVERSION = YES;
				CLANG_WARN_OBJC_IMPLICIT_RETAIN_SELF = YES;
				CLANG_WARN_OBJC_LITERAL_CONVERSION = YES;
				CLANG_WARN_OBJC_ROOT_CLASS = YES_ERROR;
				CLANG_WARN_QUOTED_INCLUDE_IN_FRAMEWORK_HEADER = YES;
				CLANG_WARN_RANGE_LOOP_ANALYSIS = YES;
				CLANG_WARN_STRICT_PROTOTYPES = YES;
				CLANG_WARN_SUSPICIOUS_MOVE = YES;
				CLANG_WARN_UNGUARDED_AVAILABILITY = YES_AGGRESSIVE;
				CLANG_WARN_UNREACHABLE_CODE = YES;
				CLANG_WARN__DUPLICATE_METHOD_MATCH = YES;
				COPY_PHASE_STRIP = NO;
				DEBUG_INFORMATION_FORMAT = "dwarf-with-dsym";
				ENABLE_NS_ASSERTIONS = NO;
				ENABLE_STRICT_OBJC_MSGSEND = YES;
				GCC_C_LANGUAGE_STANDARD = gnu11;
				GCC_NO_COMMON_BLOCKS = YES;
				GCC_WARN_64_TO_32_BIT_CONVERSION = YES;
				GCC_WARN_ABOUT_RETURN_TYPE = YES_ERROR;
				GCC_WARN_UNDECLARED_SELECTOR = YES;
				GCC_WARN_UNINITIALIZED_AUTOS = YES_AGGRESSIVE;
				GCC_WARN_UNUSED_FUNCTION = YES;
				GCC_WARN_UNUSED_VARIABLE = YES;
				IPHONEOS_DEPLOYMENT_TARGET = 16.0;
				MTL_ENABLE_DEBUG_INFO = NO;
				MTL_FAST_MATH = YES;
				SDKROOT = iphoneos;
				SWIFT_COMPILATION_MODE = wholemodule;
				SWIFT_OPTIMIZATION_LEVEL = "-O";
				VALIDATE_PRODUCT = YES;
			};
			name = Release;
		};
		18346277291691CA0006BCB4 /* Debug */ = {
			isa = XCBuildConfiguration;
			buildSettings = {
				ASSETCATALOG_COMPILER_APPICON_NAME = AppIcon;
				ASSETCATALOG_COMPILER_GLOBAL_ACCENT_COLOR_NAME = AccentColor;
				CODE_SIGN_STYLE = Automatic;
				CURRENT_PROJECT_VERSION = 1;
				GENERATE_INFOPLIST_FILE = YES;
				INFOPLIST_FILE = Posts/Resources/Info.plist;
				INFOPLIST_KEY_UIApplicationSupportsIndirectInputEvents = YES;
				INFOPLIST_KEY_UILaunchStoryboardName = LaunchScreen;
				INFOPLIST_KEY_UIMainStoryboardFile = "";
				INFOPLIST_KEY_UISupportedInterfaceOrientations = UIInterfaceOrientationPortrait;
				INFOPLIST_KEY_UISupportedInterfaceOrientations_iPad = "UIInterfaceOrientationLandscapeLeft UIInterfaceOrientationLandscapeRight UIInterfaceOrientationPortrait UIInterfaceOrientationPortraitUpsideDown";
				IPHONEOS_DEPLOYMENT_TARGET = 15.0;
				LD_RUNPATH_SEARCH_PATHS = (
					"$(inherited)",
					"@executable_path/Frameworks",
				);
				MARKETING_VERSION = 1.0;
				PRODUCT_BUNDLE_IDENTIFIER = eu.edmundas.Posts;
				PRODUCT_NAME = "$(TARGET_NAME)";
				SUPPORTED_PLATFORMS = "iphoneos iphonesimulator";
				SUPPORTS_MACCATALYST = NO;
				SUPPORTS_MAC_DESIGNED_FOR_IPHONE_IPAD = NO;
				SWIFT_EMIT_LOC_STRINGS = YES;
				SWIFT_VERSION = 5.0;
				TARGETED_DEVICE_FAMILY = 1;
			};
			name = Debug;
		};
		18346278291691CA0006BCB4 /* Release */ = {
			isa = XCBuildConfiguration;
			buildSettings = {
				ASSETCATALOG_COMPILER_APPICON_NAME = AppIcon;
				ASSETCATALOG_COMPILER_GLOBAL_ACCENT_COLOR_NAME = AccentColor;
				CODE_SIGN_STYLE = Automatic;
				CURRENT_PROJECT_VERSION = 1;
				GENERATE_INFOPLIST_FILE = YES;
				INFOPLIST_FILE = Posts/Resources/Info.plist;
				INFOPLIST_KEY_UIApplicationSupportsIndirectInputEvents = YES;
				INFOPLIST_KEY_UILaunchStoryboardName = LaunchScreen;
				INFOPLIST_KEY_UIMainStoryboardFile = "";
				INFOPLIST_KEY_UISupportedInterfaceOrientations = UIInterfaceOrientationPortrait;
				INFOPLIST_KEY_UISupportedInterfaceOrientations_iPad = "UIInterfaceOrientationLandscapeLeft UIInterfaceOrientationLandscapeRight UIInterfaceOrientationPortrait UIInterfaceOrientationPortraitUpsideDown";
				IPHONEOS_DEPLOYMENT_TARGET = 15.0;
				LD_RUNPATH_SEARCH_PATHS = (
					"$(inherited)",
					"@executable_path/Frameworks",
				);
				MARKETING_VERSION = 1.0;
				PRODUCT_BUNDLE_IDENTIFIER = eu.edmundas.Posts;
				PRODUCT_NAME = "$(TARGET_NAME)";
				SUPPORTED_PLATFORMS = "iphoneos iphonesimulator";
				SUPPORTS_MACCATALYST = NO;
				SUPPORTS_MAC_DESIGNED_FOR_IPHONE_IPAD = NO;
				SWIFT_EMIT_LOC_STRINGS = YES;
				SWIFT_VERSION = 5.0;
				TARGETED_DEVICE_FAMILY = 1;
			};
			name = Release;
		};
		1834627A291691CA0006BCB4 /* Debug */ = {
			isa = XCBuildConfiguration;
			buildSettings = {
				ALWAYS_EMBED_SWIFT_STANDARD_LIBRARIES = YES;
				BUNDLE_LOADER = "$(TEST_HOST)";
				CODE_SIGN_STYLE = Automatic;
				CURRENT_PROJECT_VERSION = 1;
				GENERATE_INFOPLIST_FILE = YES;
				IPHONEOS_DEPLOYMENT_TARGET = 16.0;
				MARKETING_VERSION = 1.0;
				PRODUCT_BUNDLE_IDENTIFIER = eu.edmundas.PostsTests;
				PRODUCT_NAME = "$(TARGET_NAME)";
				SWIFT_EMIT_LOC_STRINGS = NO;
				SWIFT_VERSION = 5.0;
				TARGETED_DEVICE_FAMILY = "1,2";
				TEST_HOST = "$(BUILT_PRODUCTS_DIR)/Posts.app/$(BUNDLE_EXECUTABLE_FOLDER_PATH)/Posts";
			};
			name = Debug;
		};
		1834627B291691CA0006BCB4 /* Release */ = {
			isa = XCBuildConfiguration;
			buildSettings = {
				ALWAYS_EMBED_SWIFT_STANDARD_LIBRARIES = YES;
				BUNDLE_LOADER = "$(TEST_HOST)";
				CODE_SIGN_STYLE = Automatic;
				CURRENT_PROJECT_VERSION = 1;
				GENERATE_INFOPLIST_FILE = YES;
				IPHONEOS_DEPLOYMENT_TARGET = 16.0;
				MARKETING_VERSION = 1.0;
				PRODUCT_BUNDLE_IDENTIFIER = eu.edmundas.PostsTests;
				PRODUCT_NAME = "$(TARGET_NAME)";
				SWIFT_EMIT_LOC_STRINGS = NO;
				SWIFT_VERSION = 5.0;
				TARGETED_DEVICE_FAMILY = "1,2";
				TEST_HOST = "$(BUILT_PRODUCTS_DIR)/Posts.app/$(BUNDLE_EXECUTABLE_FOLDER_PATH)/Posts";
			};
			name = Release;
		};
		1834627D291691CA0006BCB4 /* Debug */ = {
			isa = XCBuildConfiguration;
			buildSettings = {
				ALWAYS_EMBED_SWIFT_STANDARD_LIBRARIES = YES;
				CODE_SIGN_STYLE = Automatic;
				CURRENT_PROJECT_VERSION = 1;
				GENERATE_INFOPLIST_FILE = YES;
				MARKETING_VERSION = 1.0;
				PRODUCT_BUNDLE_IDENTIFIER = eu.edmundas.PostsUITests;
				PRODUCT_NAME = "$(TARGET_NAME)";
				SWIFT_EMIT_LOC_STRINGS = NO;
				SWIFT_VERSION = 5.0;
				TARGETED_DEVICE_FAMILY = "1,2";
				TEST_TARGET_NAME = Posts;
			};
			name = Debug;
		};
		1834627E291691CA0006BCB4 /* Release */ = {
			isa = XCBuildConfiguration;
			buildSettings = {
				ALWAYS_EMBED_SWIFT_STANDARD_LIBRARIES = YES;
				CODE_SIGN_STYLE = Automatic;
				CURRENT_PROJECT_VERSION = 1;
				GENERATE_INFOPLIST_FILE = YES;
				MARKETING_VERSION = 1.0;
				PRODUCT_BUNDLE_IDENTIFIER = eu.edmundas.PostsUITests;
				PRODUCT_NAME = "$(TARGET_NAME)";
				SWIFT_EMIT_LOC_STRINGS = NO;
				SWIFT_VERSION = 5.0;
				TARGETED_DEVICE_FAMILY = "1,2";
				TEST_TARGET_NAME = Posts;
			};
			name = Release;
		};
/* End XCBuildConfiguration section */

/* Begin XCConfigurationList section */
		18346244291691C90006BCB4 /* Build configuration list for PBXProject "Posts" */ = {
			isa = XCConfigurationList;
			buildConfigurations = (
				18346274291691CA0006BCB4 /* Debug */,
				18346275291691CA0006BCB4 /* Release */,
			);
			defaultConfigurationIsVisible = 0;
			defaultConfigurationName = Release;
		};
		18346276291691CA0006BCB4 /* Build configuration list for PBXNativeTarget "Posts" */ = {
			isa = XCConfigurationList;
			buildConfigurations = (
				18346277291691CA0006BCB4 /* Debug */,
				18346278291691CA0006BCB4 /* Release */,
			);
			defaultConfigurationIsVisible = 0;
			defaultConfigurationName = Release;
		};
		18346279291691CA0006BCB4 /* Build configuration list for PBXNativeTarget "PostsTests" */ = {
			isa = XCConfigurationList;
			buildConfigurations = (
				1834627A291691CA0006BCB4 /* Debug */,
				1834627B291691CA0006BCB4 /* Release */,
			);
			defaultConfigurationIsVisible = 0;
			defaultConfigurationName = Release;
		};
		1834627C291691CA0006BCB4 /* Build configuration list for PBXNativeTarget "PostsUITests" */ = {
			isa = XCConfigurationList;
			buildConfigurations = (
				1834627D291691CA0006BCB4 /* Debug */,
				1834627E291691CA0006BCB4 /* Release */,
			);
			defaultConfigurationIsVisible = 0;
			defaultConfigurationName = Release;
		};
/* End XCConfigurationList section */

/* Begin XCVersionGroup section */
		18346255291691CA0006BCB4 /* Posts.xcdatamodeld */ = {
			isa = XCVersionGroup;
			children = (
				18346256291691CA0006BCB4 /* Posts.xcdatamodel */,
			);
			currentVersion = 18346256291691CA0006BCB4 /* Posts.xcdatamodel */;
			path = Posts.xcdatamodeld;
			sourceTree = "<group>";
			versionGroupType = wrapper.xcdatamodel;
		};
/* End XCVersionGroup section */
	};
	rootObject = 18346241291691C90006BCB4 /* Project object */;
}
